
Microsoft Visual Studio Solution File, Format Version 12.00
# Visual Studio Version 17
VisualStudioVersion = 17.14.36429.23
MinimumVisualStudioVersion = 10.0.40219.1
Project("{2150E333-8FDC-42A3-9474-1A3956D46DE8}") = "Task0", "Task0", "{02EA681E-C7D8-13C7-8484-4AC65E1B71E8}"
EndProject
Project("{FAE04EC0-301F-11D3-BF4B-00C04F79EFBC}") = "Tyuiu.MatveevaAA.Sprint1.Task0.V7", "Tyuiu.MatveevaAA.Sprint1.Task0.V7\Tyuiu.MatveevaAA.Sprint1.Task0.V7.csproj", "{E90E31CE-3B07-441A-B7D4-42398D314F34}"
EndProject
Project("{FAE04EC0-301F-11D3-BF4B-00C04F79EFBC}") = "Tyuiu.MatveevaAA.Sprint1.Task0.V7.Lib", "Tyuiu.MatveevaAA.Sprint1.Task0.V7.Lib\Tyuiu.MatveevaAA.Sprint1.Task0.V7.Lib.csproj", "{5CAD897D-B968-4E16-8CBA-651B842680AA}"
EndProject
Project("{FAE04EC0-301F-11D3-BF4B-00C04F79EFBC}") = "Tyuiu.MatveevaAA.Sprint1.Task0.V7.Test", "Tyuiu.MatveevaAA.Sprint1.Task0.V7.Test\Tyuiu.MatveevaAA.Sprint1.Task0.V7.Test.csproj", "{30C30515-8059-47FD-90BA-EBC0F9DAE33B}"
EndProject
Project("{2150E333-8FDC-42A3-9474-1A3956D46DE8}") = "Task1", "Task1", "{8AE2D793-2EB6-4037-A7F6-BD4205E25782}"
EndProject
Project("{FAE04EC0-301F-11D3-BF4B-00C04F79EFBC}") = "Tyuiu.MatveevaAA.Sprint1.Task1.V24.Lib", "Tyuiu.MatveevaAA.Sprint1.Task1.V24.Lib\Tyuiu.MatveevaAA.Sprint1.Task1.V24.Lib.csproj", "{FFAAFD32-BC92-425D-881F-5CE21A6B60CF}"
EndProject
Project("{FAE04EC0-301F-11D3-BF4B-00C04F79EFBC}") = "Tyuiu.MatveevaAA.Sprint1.Task1.V24.Test", "Tyuiu.MatveevaAA.Sprint1.Task1.V24.Test\Tyuiu.MatveevaAA.Sprint1.Task1.V24.Test.csproj", "{EAFA8478-3ECA-48EC-899E-DAC6666B698D}"
EndProject
Project("{FAE04EC0-301F-11D3-BF4B-00C04F79EFBC}") = "Tyuiu.MatveevaAA.Sprint1.Task1.V24", "Tyuiu.MatveevaAA.Sprint1.Task1.V24\Tyuiu.MatveevaAA.Sprint1.Task1.V24.csproj", "{889039AF-6A09-47E9-B89B-34B63DA254A6}"
EndProject
Project("{2150E333-8FDC-42A3-9474-1A3956D46DE8}") = "Task2", "Task2", "{6D047F92-207B-465D-843A-2FAA0AE95605}"
EndProject
Project("{FAE04EC0-301F-11D3-BF4B-00C04F79EFBC}") = "Tyuiu.MatveevaAA.Sprint1.Task2.V1", "Tyuiu.MatveevaAA.Sprint1.Task2.V1\Tyuiu.MatveevaAA.Sprint1.Task2.V1.csproj", "{938AA0E4-18A3-4EBC-8490-3629536D8A2D}"
EndProject
Project("{FAE04EC0-301F-11D3-BF4B-00C04F79EFBC}") = "Tyuiu.MatveevaAA.Sprint1.Task2.V1.Lib", "Tyuiu.MatveevaAA.Sprint1.Task2.V1.Lib\Tyuiu.MatveevaAA.Sprint1.Task2.V1.Lib.csproj", "{E5C84B48-CAEE-4A9B-9B93-BFD6F70B8803}"
EndProject
Project("{FAE04EC0-301F-11D3-BF4B-00C04F79EFBC}") = "Tyuiu.MatveevaAA.Sprint1.Task2.V1.Test", "Tyuiu.MatveevaAA.Sprint1.Task2.V1.Test\Tyuiu.MatveevaAA.Sprint1.Task2.V1.Test.csproj", "{8E36C57F-AC28-4A74-BB03-8251FCEA074C}"
EndProject
Project("{2150E333-8FDC-42A3-9474-1A3956D46DE8}") = "Task3", "Task3", "{1CB1E405-9B45-474B-B65D-D4F8BA8AF2C4}"
EndProject
Global
	GlobalSection(SolutionConfigurationPlatforms) = preSolution
		Debug|Any CPU = Debug|Any CPU
		Release|Any CPU = Release|Any CPU
	EndGlobalSection
	GlobalSection(ProjectConfigurationPlatforms) = postSolution
		{E90E31CE-3B07-441A-B7D4-42398D314F34}.Debug|Any CPU.ActiveCfg = Debug|Any CPU
		{E90E31CE-3B07-441A-B7D4-42398D314F34}.Debug|Any CPU.Build.0 = Debug|Any CPU
		{E90E31CE-3B07-441A-B7D4-42398D314F34}.Release|Any CPU.ActiveCfg = Release|Any CPU
		{E90E31CE-3B07-441A-B7D4-42398D314F34}.Release|Any CPU.Build.0 = Release|Any CPU
		{5CAD897D-B968-4E16-8CBA-651B842680AA}.Debug|Any CPU.ActiveCfg = Debug|Any CPU
		{5CAD897D-B968-4E16-8CBA-651B842680AA}.Debug|Any CPU.Build.0 = Debug|Any CPU
		{5CAD897D-B968-4E16-8CBA-651B842680AA}.Release|Any CPU.ActiveCfg = Release|Any CPU
		{5CAD897D-B968-4E16-8CBA-651B842680AA}.Release|Any CPU.Build.0 = Release|Any CPU
		{30C30515-8059-47FD-90BA-EBC0F9DAE33B}.Debug|Any CPU.ActiveCfg = Debug|Any CPU
		{30C30515-8059-47FD-90BA-EBC0F9DAE33B}.Debug|Any CPU.Build.0 = Debug|Any CPU
		{30C30515-8059-47FD-90BA-EBC0F9DAE33B}.Release|Any CPU.ActiveCfg = Release|Any CPU
		{30C30515-8059-47FD-90BA-EBC0F9DAE33B}.Release|Any CPU.Build.0 = Release|Any CPU
		{FFAAFD32-BC92-425D-881F-5CE21A6B60CF}.Debug|Any CPU.ActiveCfg = Debug|Any CPU
		{FFAAFD32-BC92-425D-881F-5CE21A6B60CF}.Debug|Any CPU.Build.0 = Debug|Any CPU
		{FFAAFD32-BC92-425D-881F-5CE21A6B60CF}.Release|Any CPU.ActiveCfg = Release|Any CPU
		{FFAAFD32-BC92-425D-881F-5CE21A6B60CF}.Release|Any CPU.Build.0 = Release|Any CPU
		{EAFA8478-3ECA-48EC-899E-DAC6666B698D}.Debug|Any CPU.ActiveCfg = Debug|Any CPU
		{EAFA8478-3ECA-48EC-899E-DAC6666B698D}.Debug|Any CPU.Build.0 = Debug|Any CPU
		{EAFA8478-3ECA-48EC-899E-DAC6666B698D}.Release|Any CPU.ActiveCfg = Release|Any CPU
		{EAFA8478-3ECA-48EC-899E-DAC6666B698D}.Release|Any CPU.Build.0 = Release|Any CPU
		{889039AF-6A09-47E9-B89B-34B63DA254A6}.Debug|Any CPU.ActiveCfg = Debug|Any CPU
		{889039AF-6A09-47E9-B89B-34B63DA254A6}.Debug|Any CPU.Build.0 = Debug|Any CPU
		{889039AF-6A09-47E9-B89B-34B63DA254A6}.Release|Any CPU.ActiveCfg = Release|Any CPU
		{889039AF-6A09-47E9-B89B-34B63DA254A6}.Release|Any CPU.Build.0 = Release|Any CPU
		{938AA0E4-18A3-4EBC-8490-3629536D8A2D}.Debug|Any CPU.ActiveCfg = Debug|Any CPU
		{938AA0E4-18A3-4EBC-8490-3629536D8A2D}.Debug|Any CPU.Build.0 = Debug|Any CPU
		{938AA0E4-18A3-4EBC-8490-3629536D8A2D}.Release|Any CPU.ActiveCfg = Release|Any CPU
		{938AA0E4-18A3-4EBC-8490-3629536D8A2D}.Release|Any CPU.Build.0 = Release|Any CPU
		{E5C84B48-CAEE-4A9B-9B93-BFD6F70B8803}.Debug|Any CPU.ActiveCfg = Debug|Any CPU
		{E5C84B48-CAEE-4A9B-9B93-BFD6F70B8803}.Debug|Any CPU.Build.0 = Debug|Any CPU
		{E5C84B48-CAEE-4A9B-9B93-BFD6F70B8803}.Release|Any CPU.ActiveCfg = Release|Any CPU
		{E5C84B48-CAEE-4A9B-9B93-BFD6F70B8803}.Release|Any CPU.Build.0 = Release|Any CPU
		{8E36C57F-AC28-4A74-BB03-8251FCEA074C}.Debug|Any CPU.ActiveCfg = Debug|Any CPU
		{8E36C57F-AC28-4A74-BB03-8251FCEA074C}.Debug|Any CPU.Build.0 = Debug|Any CPU
		{8E36C57F-AC28-4A74-BB03-8251FCEA074C}.Release|Any CPU.ActiveCfg = Release|Any CPU
		{8E36C57F-AC28-4A74-BB03-8251FCEA074C}.Release|Any CPU.Build.0 = Release|Any CPU
	EndGlobalSection
	GlobalSection(SolutionProperties) = preSolution
		HideSolutionNode = FALSE
	EndGlobalSection
	GlobalSection(NestedProjects) = preSolution
		{E90E31CE-3B07-441A-B7D4-42398D314F34} = {02EA681E-C7D8-13C7-8484-4AC65E1B71E8}
		{5CAD897D-B968-4E16-8CBA-651B842680AA} = {02EA681E-C7D8-13C7-8484-4AC65E1B71E8}
		{30C30515-8059-47FD-90BA-EBC0F9DAE33B} = {02EA681E-C7D8-13C7-8484-4AC65E1B71E8}
		{FFAAFD32-BC92-425D-881F-5CE21A6B60CF} = {8AE2D793-2EB6-4037-A7F6-BD4205E25782}
		{EAFA8478-3ECA-48EC-899E-DAC6666B698D} = {8AE2D793-2EB6-4037-A7F6-BD4205E25782}
		{889039AF-6A09-47E9-B89B-34B63DA254A6} = {8AE2D793-2EB6-4037-A7F6-BD4205E25782}
		{938AA0E4-18A3-4EBC-8490-3629536D8A2D} = {6D047F92-207B-465D-843A-2FAA0AE95605}
		{E5C84B48-CAEE-4A9B-9B93-BFD6F70B8803} = {6D047F92-207B-465D-843A-2FAA0AE95605}
		{8E36C57F-AC28-4A74-BB03-8251FCEA074C} = {6D047F92-207B-465D-843A-2FAA0AE95605}
	EndGlobalSection
	GlobalSection(ExtensibilityGlobals) = postSolution
		SolutionGuid = {C34AD86F-C8D3-4494-9C27-B8CD9B3A4BEA}
	EndGlobalSection
EndGlobal
