
Microsoft Visual Studio Solution File, Format Version 12.00
# Visual Studio Version 17
VisualStudioVersion = 17.14.36429.23
MinimumVisualStudioVersion = 10.0.40219.1
Project("{2150E333-8FDC-42A3-9474-1A3956D46DE8}") = "Task0", "Task0", "{02EA681E-C7D8-13C7-8484-4AC65E1B71E8}"
EndProject
Project("{FAE04EC0-301F-11D3-BF4B-00C04F79EFBC}") = "Tyuiu.MatveevaAA.Sprint1.Task0.V7", "Tyuiu.MatveevaAA.Sprint1.Task0.V7\Tyuiu.MatveevaAA.Sprint1.Task0.V7.csproj", "{E90E31CE-3B07-441A-B7D4-42398D314F34}"
EndProject
Project("{FAE04EC0-301F-11D3-BF4B-00C04F79EFBC}") = "Tyuiu.MatveevaAA.Sprint1.Task0.V7.Lib", "Tyuiu.MatveevaAA.Sprint1.Task0.V7.Lib\Tyuiu.MatveevaAA.Sprint1.Task0.V7.Lib.csproj", "{5CAD897D-B968-4E16-8CBA-651B842680AA}"
EndProject
Project("{FAE04EC0-301F-11D3-BF4B-00C04F79EFBC}") = "Tyuiu.MatveevaAA.Sprint1.Task0.V7.Test", "Tyuiu.MatveevaAA.Sprint1.Task0.V7.Test\Tyuiu.MatveevaAA.Sprint1.Task0.V7.Test.csproj", "{30C30515-8059-47FD-90BA-EBC0F9DAE33B}"
EndProject
Project("{2150E333-8FDC-42A3-9474-1A3956D46DE8}") = "Task1", "Task1", "{8AE2D793-2EB6-4037-A7F6-BD4205E25782}"
EndProject
Project("{FAE04EC0-301F-11D3-BF4B-00C04F79EFBC}") = "Tyuiu.MatveevaAA.Sprint1.Task1.V24.Lib", "Tyuiu.MatveevaAA.Sprint1.Task1.V24.Lib\Tyuiu.MatveevaAA.Sprint1.Task1.V24.Lib.csproj", "{FFAAFD32-BC92-425D-881F-5CE21A6B60CF}"
EndProject
Project("{FAE04EC0-301F-11D3-BF4B-00C04F79EFBC}") = "Tyuiu.MatveevaAA.Sprint1.Task1.V24.Test", "Tyuiu.MatveevaAA.Sprint1.Task1.V24.Test\Tyuiu.MatveevaAA.Sprint1.Task1.V24.Test.csproj", "{EAFA8478-3ECA-48EC-899E-DAC6666B698D}"
EndProject
Project("{FAE04EC0-301F-11D3-BF4B-00C04F79EFBC}") = "Tyuiu.MatveevaAA.Sprint1.Task1.V24", "Tyuiu.MatveevaAA.Sprint1.Task1.V24\Tyuiu.MatveevaAA.Sprint1.Task1.V24.csproj", "{889039AF-6A09-47E9-B89B-34B63DA254A6}"
EndProject
Project("{2150E333-8FDC-42A3-9474-1A3956D46DE8}") = "Task2", "Task2", "{6D047F92-207B-465D-843A-2FAA0AE95605}"
EndProject
Project("{FAE04EC0-301F-11D3-BF4B-00C04F79EFBC}") = "Tyuiu.MatveevaAA.Sprint1.Task2.V1", "Tyuiu.MatveevaAA.Sprint1.Task2.V1\Tyuiu.MatveevaAA.Sprint1.Task2.V1.csproj", "{938AA0E4-18A3-4EBC-8490-3629536D8A2D}"
EndProject
Project("{FAE04EC0-301F-11D3-BF4B-00C04F79EFBC}") = "Tyuiu.MatveevaAA.Sprint1.Task2.V1.Lib", "Tyuiu.MatveevaAA.Sprint1.Task2.V1.Lib\Tyuiu.MatveevaAA.Sprint1.Task2.V1.Lib.csproj", "{E5C84B48-CAEE-4A9B-9B93-BFD6F70B8803}"
EndProject
Project("{FAE04EC0-301F-11D3-BF4B-00C04F79EFBC}") = "Tyuiu.MatveevaAA.Sprint1.Task2.V1.Test", "Tyuiu.MatveevaAA.Sprint1.Task2.V1.Test\Tyuiu.MatveevaAA.Sprint1.Task2.V1.Test.csproj", "{8E36C57F-AC28-4A74-BB03-8251FCEA074C}"
EndProject
Project("{2150E333-8FDC-42A3-9474-1A3956D46DE8}") = "Task3", "Task3", "{1CB1E405-9B45-474B-B65D-D4F8BA8AF2C4}"
EndProject
Project("{FAE04EC0-301F-11D3-BF4B-00C04F79EFBC}") = "Tyuiu.MatveevaAA.Sprint1.Task3.V1", "Tyuiu.MatveevaAA.Sprint1.Task3.V1\Tyuiu.MatveevaAA.Sprint1.Task3.V1.csproj", "{2F6CC569-4F3E-4523-87BF-C86C7A87074C}"
EndProject
Project("{FAE04EC0-301F-11D3-BF4B-00C04F79EFBC}") = "Tyuiu.MatveevaAA.Sprint1.Task3.V1.Test", "Tyuiu.MatveevaAA.Sprint1.Task3.V1.Test\Tyuiu.MatveevaAA.Sprint1.Task3.V1.Test.csproj", "{309C6A20-148F-4BAC-9442-1B97B7150D1E}"
EndProject
Project("{FAE04EC0-301F-11D3-BF4B-00C04F79EFBC}") = "Tyuiu.MatveevaAA.Sprint1.Task3.V1.Lib", "Tyuiu.MatveevaAA.Sprint1.Task3.V1.Lib\Tyuiu.MatveevaAA.Sprint1.Task3.V1.Lib.csproj", "{C058D658-80BF-4B79-91B6-D857737F5F8F}"
EndProject
Project("{2150E333-8FDC-42A3-9474-1A3956D46DE8}") = "Task4", "Task4", "{FBE31B99-FE12-46CF-8FE5-47DABF165CA3}"
EndProject
Project("{FAE04EC0-301F-11D3-BF4B-00C04F79EFBC}") = "Tyuiu.MatveevaAA.Sprint1.Task4.V2", "Tyuiu.MatveevaAA.Sprint1.Task4.V2\Tyuiu.MatveevaAA.Sprint1.Task4.V2.csproj", "{C3383685-89EE-4E02-B865-666F09DB746C}"
EndProject
Project("{FAE04EC0-301F-11D3-BF4B-00C04F79EFBC}") = "Tyuiu.MatveevaAA.Sprint1.Task4.V2.Test", "Tyuiu.MatveevaAA.Sprint1.Task4.V2.Test\Tyuiu.MatveevaAA.Sprint1.Task4.V2.Test.csproj", "{69FB4262-8873-4E27-B239-D44B962E827D}"
EndProject
Project("{FAE04EC0-301F-11D3-BF4B-00C04F79EFBC}") = "Tyuiu.MatveevaAA.Sprint1.Task4.V2.Lib", "Tyuiu.MatveevaAA.Sprint1.Task4.V2.Lib\Tyuiu.MatveevaAA.Sprint1.Task4.V2.Lib.csproj", "{4B5DB5FB-A118-423E-AA4F-C6C1E7689B48}"
EndProject
Project("{2150E333-8FDC-42A3-9474-1A3956D46DE8}") = "Task5", "Task5", "{916BCE0D-A94B-45D6-B8B2-DB1D03AECA2A}"
EndProject
Project("{FAE04EC0-301F-11D3-BF4B-00C04F79EFBC}") = "Tyuiu.MatveevaAA.Sprint1.Task5.V5", "Tyuiu.MatveevaAA.Sprint1.Task5.V5\Tyuiu.MatveevaAA.Sprint1.Task5.V5.csproj", "{49A4C4C2-1CD2-47D9-B0F3-32158BA0B7E4}"
EndProject
Project("{FAE04EC0-301F-11D3-BF4B-00C04F79EFBC}") = "Tyuiu.MatveevaAA.Sprint1.Task5.V5.Lib", "Tyuiu.MatveevaAA.Sprint1.Task5.V5.Lib\Tyuiu.MatveevaAA.Sprint1.Task5.V5.Lib.csproj", "{14055F01-1ACE-4080-A879-F098408AF001}"
EndProject
Project("{FAE04EC0-301F-11D3-BF4B-00C04F79EFBC}") = "Tyuiu.MatveevaAA.Sprint1.Task5.V5.Test", "Tyuiu.MatveevaAA.Sprint1.Task5.V5.Test\Tyuiu.MatveevaAA.Sprint1.Task5.V5.Test.csproj", "{64671217-17AE-4266-B6BB-409492F22008}"
EndProject
Project("{2150E333-8FDC-42A3-9474-1A3956D46DE8}") = "Task6", "Task6", "{FC352466-C3C1-4A0E-B934-16AD5F2B92FF}"
EndProject
Project("{FAE04EC0-301F-11D3-BF4B-00C04F79EFBC}") = "Tyuiu.MatveevaAA.Sprint1.Task6.V8", "Tyuiu.MatveevaAA.Sprint1.Task6.V8\Tyuiu.MatveevaAA.Sprint1.Task6.V8.csproj", "{80CADC22-5493-4B4A-90A2-D0EF688C8022}"
EndProject
Project("{FAE04EC0-301F-11D3-BF4B-00C04F79EFBC}") = "Tyuiu.MatveevaAA.Sprint1.Task6.V8.Lib", "Tyuiu.MatveevaAA.Sprint1.Task6.V8.Lib\Tyuiu.MatveevaAA.Sprint1.Task6.V8.Lib.csproj", "{1D998098-F4E4-49B7-B6B1-DCB144D7C65F}"
EndProject
Project("{FAE04EC0-301F-11D3-BF4B-00C04F79EFBC}") = "Tyuiu.MatveevaAA.Sprint1.Task6.V8.Test", "Tyuiu.MatveevaAA.Sprint1.Task6.V8.Test\Tyuiu.MatveevaAA.Sprint1.Task6.V8.Test.csproj", "{E9DF65D4-8322-471F-88B2-E09E7CB4764A}"
EndProject
Project("{2150E333-8FDC-42A3-9474-1A3956D46DE8}") = "Task7", "Task7", "{CE742E83-3BAB-48C9-95BA-CF040A453C53}"
EndProject
Project("{FAE04EC0-301F-11D3-BF4B-00C04F79EFBC}") = "Tyuiu.MatveevaAA.Sprint1.Task7.V10", "Tyuiu.MatveevaAA.Sprint1.Task7.V10\Tyuiu.MatveevaAA.Sprint1.Task7.V10.csproj", "{EEC92C36-8014-4AC4-99B6-2269C3BB34B9}"
EndProject
Project("{FAE04EC0-301F-11D3-BF4B-00C04F79EFBC}") = "Tyuiu.MatveevaAA.Sprint1.Task7.V10.Test", "Tyuiu.MatveevaAA.Sprint1.Task7.V10.Test\Tyuiu.MatveevaAA.Sprint1.Task7.V10.Test.csproj", "{E0DA1104-1B54-4B9D-9334-A31AB2D37A13}"
EndProject
Project("{FAE04EC0-301F-11D3-BF4B-00C04F79EFBC}") = "Tyuiu.MatveevaAA.Sprint1.Task7.V10.Lib", "Tyuiu.MatveevaAA.Sprint1.Task7.V10.Lib\Tyuiu.MatveevaAA.Sprint1.Task7.V10.Lib.csproj", "{3266F9D0-B44B-4D3C-93FA-CB77D4506CEC}"
EndProject
Global
	GlobalSection(SolutionConfigurationPlatforms) = preSolution
		Debug|Any CPU = Debug|Any CPU
		Release|Any CPU = Release|Any CPU
	EndGlobalSection
	GlobalSection(ProjectConfigurationPlatforms) = postSolution
		{E90E31CE-3B07-441A-B7D4-42398D314F34}.Debug|Any CPU.ActiveCfg = Debug|Any CPU
		{E90E31CE-3B07-441A-B7D4-42398D314F34}.Debug|Any CPU.Build.0 = Debug|Any CPU
		{E90E31CE-3B07-441A-B7D4-42398D314F34}.Release|Any CPU.ActiveCfg = Release|Any CPU
		{E90E31CE-3B07-441A-B7D4-42398D314F34}.Release|Any CPU.Build.0 = Release|Any CPU
		{5CAD897D-B968-4E16-8CBA-651B842680AA}.Debug|Any CPU.ActiveCfg = Debug|Any CPU
		{5CAD897D-B968-4E16-8CBA-651B842680AA}.Debug|Any CPU.Build.0 = Debug|Any CPU
		{5CAD897D-B968-4E16-8CBA-651B842680AA}.Release|Any CPU.ActiveCfg = Release|Any CPU
		{5CAD897D-B968-4E16-8CBA-651B842680AA}.Release|Any CPU.Build.0 = Release|Any CPU
		{30C30515-8059-47FD-90BA-EBC0F9DAE33B}.Debug|Any CPU.ActiveCfg = Debug|Any CPU
		{30C30515-8059-47FD-90BA-EBC0F9DAE33B}.Debug|Any CPU.Build.0 = Debug|Any CPU
		{30C30515-8059-47FD-90BA-EBC0F9DAE33B}.Release|Any CPU.ActiveCfg = Release|Any CPU
		{30C30515-8059-47FD-90BA-EBC0F9DAE33B}.Release|Any CPU.Build.0 = Release|Any CPU
		{FFAAFD32-BC92-425D-881F-5CE21A6B60CF}.Debug|Any CPU.ActiveCfg = Debug|Any CPU
		{FFAAFD32-BC92-425D-881F-5CE21A6B60CF}.Debug|Any CPU.Build.0 = Debug|Any CPU
		{FFAAFD32-BC92-425D-881F-5CE21A6B60CF}.Release|Any CPU.ActiveCfg = Release|Any CPU
		{FFAAFD32-BC92-425D-881F-5CE21A6B60CF}.Release|Any CPU.Build.0 = Release|Any CPU
		{EAFA8478-3ECA-48EC-899E-DAC6666B698D}.Debug|Any CPU.ActiveCfg = Debug|Any CPU
		{EAFA8478-3ECA-48EC-899E-DAC6666B698D}.Debug|Any CPU.Build.0 = Debug|Any CPU
		{EAFA8478-3ECA-48EC-899E-DAC6666B698D}.Release|Any CPU.ActiveCfg = Release|Any CPU
		{EAFA8478-3ECA-48EC-899E-DAC6666B698D}.Release|Any CPU.Build.0 = Release|Any CPU
		{889039AF-6A09-47E9-B89B-34B63DA254A6}.Debug|Any CPU.ActiveCfg = Debug|Any CPU
		{889039AF-6A09-47E9-B89B-34B63DA254A6}.Debug|Any CPU.Build.0 = Debug|Any CPU
		{889039AF-6A09-47E9-B89B-34B63DA254A6}.Release|Any CPU.ActiveCfg = Release|Any CPU
		{889039AF-6A09-47E9-B89B-34B63DA254A6}.Release|Any CPU.Build.0 = Release|Any CPU
		{938AA0E4-18A3-4EBC-8490-3629536D8A2D}.Debug|Any CPU.ActiveCfg = Debug|Any CPU
		{938AA0E4-18A3-4EBC-8490-3629536D8A2D}.Debug|Any CPU.Build.0 = Debug|Any CPU
		{938AA0E4-18A3-4EBC-8490-3629536D8A2D}.Release|Any CPU.ActiveCfg = Release|Any CPU
		{938AA0E4-18A3-4EBC-8490-3629536D8A2D}.Release|Any CPU.Build.0 = Release|Any CPU
		{E5C84B48-CAEE-4A9B-9B93-BFD6F70B8803}.Debug|Any CPU.ActiveCfg = Debug|Any CPU
		{E5C84B48-CAEE-4A9B-9B93-BFD6F70B8803}.Debug|Any CPU.Build.0 = Debug|Any CPU
		{E5C84B48-CAEE-4A9B-9B93-BFD6F70B8803}.Release|Any CPU.ActiveCfg = Release|Any CPU
		{E5C84B48-CAEE-4A9B-9B93-BFD6F70B8803}.Release|Any CPU.Build.0 = Release|Any CPU
		{8E36C57F-AC28-4A74-BB03-8251FCEA074C}.Debug|Any CPU.ActiveCfg = Debug|Any CPU
		{8E36C57F-AC28-4A74-BB03-8251FCEA074C}.Debug|Any CPU.Build.0 = Debug|Any CPU
		{8E36C57F-AC28-4A74-BB03-8251FCEA074C}.Release|Any CPU.ActiveCfg = Release|Any CPU
		{8E36C57F-AC28-4A74-BB03-8251FCEA074C}.Release|Any CPU.Build.0 = Release|Any CPU
		{2F6CC569-4F3E-4523-87BF-C86C7A87074C}.Debug|Any CPU.ActiveCfg = Debug|Any CPU
		{2F6CC569-4F3E-4523-87BF-C86C7A87074C}.Debug|Any CPU.Build.0 = Debug|Any CPU
		{2F6CC569-4F3E-4523-87BF-C86C7A87074C}.Release|Any CPU.ActiveCfg = Release|Any CPU
		{2F6CC569-4F3E-4523-87BF-C86C7A87074C}.Release|Any CPU.Build.0 = Release|Any CPU
		{309C6A20-148F-4BAC-9442-1B97B7150D1E}.Debug|Any CPU.ActiveCfg = Debug|Any CPU
		{309C6A20-148F-4BAC-9442-1B97B7150D1E}.Debug|Any CPU.Build.0 = Debug|Any CPU
		{309C6A20-148F-4BAC-9442-1B97B7150D1E}.Release|Any CPU.ActiveCfg = Release|Any CPU
		{309C6A20-148F-4BAC-9442-1B97B7150D1E}.Release|Any CPU.Build.0 = Release|Any CPU
		{C058D658-80BF-4B79-91B6-D857737F5F8F}.Debug|Any CPU.ActiveCfg = Debug|Any CPU
		{C058D658-80BF-4B79-91B6-D857737F5F8F}.Debug|Any CPU.Build.0 = Debug|Any CPU
		{C058D658-80BF-4B79-91B6-D857737F5F8F}.Release|Any CPU.ActiveCfg = Release|Any CPU
		{C058D658-80BF-4B79-91B6-D857737F5F8F}.Release|Any CPU.Build.0 = Release|Any CPU
		{C3383685-89EE-4E02-B865-666F09DB746C}.Debug|Any CPU.ActiveCfg = Debug|Any CPU
		{C3383685-89EE-4E02-B865-666F09DB746C}.Debug|Any CPU.Build.0 = Debug|Any CPU
		{C3383685-89EE-4E02-B865-666F09DB746C}.Release|Any CPU.ActiveCfg = Release|Any CPU
		{C3383685-89EE-4E02-B865-666F09DB746C}.Release|Any CPU.Build.0 = Release|Any CPU
		{69FB4262-8873-4E27-B239-D44B962E827D}.Debug|Any CPU.ActiveCfg = Debug|Any CPU
		{69FB4262-8873-4E27-B239-D44B962E827D}.Debug|Any CPU.Build.0 = Debug|Any CPU
		{69FB4262-8873-4E27-B239-D44B962E827D}.Release|Any CPU.ActiveCfg = Release|Any CPU
		{69FB4262-8873-4E27-B239-D44B962E827D}.Release|Any CPU.Build.0 = Release|Any CPU
		{4B5DB5FB-A118-423E-AA4F-C6C1E7689B48}.Debug|Any CPU.ActiveCfg = Debug|Any CPU
		{4B5DB5FB-A118-423E-AA4F-C6C1E7689B48}.Debug|Any CPU.Build.0 = Debug|Any CPU
		{4B5DB5FB-A118-423E-AA4F-C6C1E7689B48}.Release|Any CPU.ActiveCfg = Release|Any CPU
		{4B5DB5FB-A118-423E-AA4F-C6C1E7689B48}.Release|Any CPU.Build.0 = Release|Any CPU
		{49A4C4C2-1CD2-47D9-B0F3-32158BA0B7E4}.Debug|Any CPU.ActiveCfg = Debug|Any CPU
		{49A4C4C2-1CD2-47D9-B0F3-32158BA0B7E4}.Debug|Any CPU.Build.0 = Debug|Any CPU
		{49A4C4C2-1CD2-47D9-B0F3-32158BA0B7E4}.Release|Any CPU.ActiveCfg = Release|Any CPU
		{49A4C4C2-1CD2-47D9-B0F3-32158BA0B7E4}.Release|Any CPU.Build.0 = Release|Any CPU
		{14055F01-1ACE-4080-A879-F098408AF001}.Debug|Any CPU.ActiveCfg = Debug|Any CPU
		{14055F01-1ACE-4080-A879-F098408AF001}.Debug|Any CPU.Build.0 = Debug|Any CPU
		{14055F01-1ACE-4080-A879-F098408AF001}.Release|Any CPU.ActiveCfg = Release|Any CPU
		{14055F01-1ACE-4080-A879-F098408AF001}.Release|Any CPU.Build.0 = Release|Any CPU
		{64671217-17AE-4266-B6BB-409492F22008}.Debug|Any CPU.ActiveCfg = Debug|Any CPU
		{64671217-17AE-4266-B6BB-409492F22008}.Debug|Any CPU.Build.0 = Debug|Any CPU
		{64671217-17AE-4266-B6BB-409492F22008}.Release|Any CPU.ActiveCfg = Release|Any CPU
		{64671217-17AE-4266-B6BB-409492F22008}.Release|Any CPU.Build.0 = Release|Any CPU
		{80CADC22-5493-4B4A-90A2-D0EF688C8022}.Debug|Any CPU.ActiveCfg = Debug|Any CPU
		{80CADC22-5493-4B4A-90A2-D0EF688C8022}.Debug|Any CPU.Build.0 = Debug|Any CPU
		{80CADC22-5493-4B4A-90A2-D0EF688C8022}.Release|Any CPU.ActiveCfg = Release|Any CPU
		{80CADC22-5493-4B4A-90A2-D0EF688C8022}.Release|Any CPU.Build.0 = Release|Any CPU
		{1D998098-F4E4-49B7-B6B1-DCB144D7C65F}.Debug|Any CPU.ActiveCfg = Debug|Any CPU
		{1D998098-F4E4-49B7-B6B1-DCB144D7C65F}.Debug|Any CPU.Build.0 = Debug|Any CPU
		{1D998098-F4E4-49B7-B6B1-DCB144D7C65F}.Release|Any CPU.ActiveCfg = Release|Any CPU
		{1D998098-F4E4-49B7-B6B1-DCB144D7C65F}.Release|Any CPU.Build.0 = Release|Any CPU
		{E9DF65D4-8322-471F-88B2-E09E7CB4764A}.Debug|Any CPU.ActiveCfg = Debug|Any CPU
		{E9DF65D4-8322-471F-88B2-E09E7CB4764A}.Debug|Any CPU.Build.0 = Debug|Any CPU
		{E9DF65D4-8322-471F-88B2-E09E7CB4764A}.Release|Any CPU.ActiveCfg = Release|Any CPU
		{E9DF65D4-8322-471F-88B2-E09E7CB4764A}.Release|Any CPU.Build.0 = Release|Any CPU
		{EEC92C36-8014-4AC4-99B6-2269C3BB34B9}.Debug|Any CPU.ActiveCfg = Debug|Any CPU
		{EEC92C36-8014-4AC4-99B6-2269C3BB34B9}.Debug|Any CPU.Build.0 = Debug|Any CPU
		{EEC92C36-8014-4AC4-99B6-2269C3BB34B9}.Release|Any CPU.ActiveCfg = Release|Any CPU
		{EEC92C36-8014-4AC4-99B6-2269C3BB34B9}.Release|Any CPU.Build.0 = Release|Any CPU
		{E0DA1104-1B54-4B9D-9334-A31AB2D37A13}.Debug|Any CPU.ActiveCfg = Debug|Any CPU
		{E0DA1104-1B54-4B9D-9334-A31AB2D37A13}.Debug|Any CPU.Build.0 = Debug|Any CPU
		{E0DA1104-1B54-4B9D-9334-A31AB2D37A13}.Release|Any CPU.ActiveCfg = Release|Any CPU
		{E0DA1104-1B54-4B9D-9334-A31AB2D37A13}.Release|Any CPU.Build.0 = Release|Any CPU
		{3266F9D0-B44B-4D3C-93FA-CB77D4506CEC}.Debug|Any CPU.ActiveCfg = Debug|Any CPU
		{3266F9D0-B44B-4D3C-93FA-CB77D4506CEC}.Debug|Any CPU.Build.0 = Debug|Any CPU
		{3266F9D0-B44B-4D3C-93FA-CB77D4506CEC}.Release|Any CPU.ActiveCfg = Release|Any CPU
		{3266F9D0-B44B-4D3C-93FA-CB77D4506CEC}.Release|Any CPU.Build.0 = Release|Any CPU
	EndGlobalSection
	GlobalSection(SolutionProperties) = preSolution
		HideSolutionNode = FALSE
	EndGlobalSection
	GlobalSection(NestedProjects) = preSolution
		{E90E31CE-3B07-441A-B7D4-42398D314F34} = {02EA681E-C7D8-13C7-8484-4AC65E1B71E8}
		{5CAD897D-B968-4E16-8CBA-651B842680AA} = {02EA681E-C7D8-13C7-8484-4AC65E1B71E8}
		{30C30515-8059-47FD-90BA-EBC0F9DAE33B} = {02EA681E-C7D8-13C7-8484-4AC65E1B71E8}
		{FFAAFD32-BC92-425D-881F-5CE21A6B60CF} = {8AE2D793-2EB6-4037-A7F6-BD4205E25782}
		{EAFA8478-3ECA-48EC-899E-DAC6666B698D} = {8AE2D793-2EB6-4037-A7F6-BD4205E25782}
		{889039AF-6A09-47E9-B89B-34B63DA254A6} = {8AE2D793-2EB6-4037-A7F6-BD4205E25782}
		{938AA0E4-18A3-4EBC-8490-3629536D8A2D} = {6D047F92-207B-465D-843A-2FAA0AE95605}
		{E5C84B48-CAEE-4A9B-9B93-BFD6F70B8803} = {6D047F92-207B-465D-843A-2FAA0AE95605}
		{8E36C57F-AC28-4A74-BB03-8251FCEA074C} = {6D047F92-207B-465D-843A-2FAA0AE95605}
		{2F6CC569-4F3E-4523-87BF-C86C7A87074C} = {1CB1E405-9B45-474B-B65D-D4F8BA8AF2C4}
		{309C6A20-148F-4BAC-9442-1B97B7150D1E} = {1CB1E405-9B45-474B-B65D-D4F8BA8AF2C4}
		{C058D658-80BF-4B79-91B6-D857737F5F8F} = {1CB1E405-9B45-474B-B65D-D4F8BA8AF2C4}
		{C3383685-89EE-4E02-B865-666F09DB746C} = {FBE31B99-FE12-46CF-8FE5-47DABF165CA3}
		{69FB4262-8873-4E27-B239-D44B962E827D} = {FBE31B99-FE12-46CF-8FE5-47DABF165CA3}
		{4B5DB5FB-A118-423E-AA4F-C6C1E7689B48} = {FBE31B99-FE12-46CF-8FE5-47DABF165CA3}
		{49A4C4C2-1CD2-47D9-B0F3-32158BA0B7E4} = {916BCE0D-A94B-45D6-B8B2-DB1D03AECA2A}
		{14055F01-1ACE-4080-A879-F098408AF001} = {916BCE0D-A94B-45D6-B8B2-DB1D03AECA2A}
		{64671217-17AE-4266-B6BB-409492F22008} = {916BCE0D-A94B-45D6-B8B2-DB1D03AECA2A}
		{80CADC22-5493-4B4A-90A2-D0EF688C8022} = {FC352466-C3C1-4A0E-B934-16AD5F2B92FF}
		{1D998098-F4E4-49B7-B6B1-DCB144D7C65F} = {FC352466-C3C1-4A0E-B934-16AD5F2B92FF}
		{E9DF65D4-8322-471F-88B2-E09E7CB4764A} = {FC352466-C3C1-4A0E-B934-16AD5F2B92FF}
		{EEC92C36-8014-4AC4-99B6-2269C3BB34B9} = {CE742E83-3BAB-48C9-95BA-CF040A453C53}
		{E0DA1104-1B54-4B9D-9334-A31AB2D37A13} = {CE742E83-3BAB-48C9-95BA-CF040A453C53}
		{3266F9D0-B44B-4D3C-93FA-CB77D4506CEC} = {CE742E83-3BAB-48C9-95BA-CF040A453C53}
	EndGlobalSection
	GlobalSection(ExtensibilityGlobals) = postSolution
		SolutionGuid = {C34AD86F-C8D3-4494-9C27-B8CD9B3A4BEA}
	EndGlobalSection
EndGlobal
